{
  "pid": 3380473,
  "version": "2.1.143",
  "jsonPath": "/home/nick/.claude/daemon.json",
  "logPath": "/home/nick/.claude/daemon.log",
  "startedAt": 1778969027930,
  "origin": "transient",
  "spawnedBy": {
    "label": "claude",
    "cwd": "/home/nick/work/hybrid_sim",
    "pid": 3380449
  },
  "procStart": "591915021"
}