{
  "pid": 4030589,
  "version": "2.1.199",
  "jsonPath": "/home/nick/.claude/daemon.json",
  "logPath": "/home/nick/.claude/daemon.log",
  "startedAt": 1783071752192,
  "origin": "transient",
  "spawnedBy": {
    "label": "claude",
    "cwd": "/home/nick/work/andesim",
    "pid": 1327593
  },
  "procStart": "88352731",
  "launchTarget": "/home/nick/.nvm/versions/node/v22.5.1/lib/node_modules/@anthropic-ai/claude-code/bin/claude.exe"
}